<?xml version="1.0" encoding="utf-8"?>
<Project ToolsVersion="4.0" xmlns="http://schemas.microsoft.com/developer/msbuild/2003">
  <ItemGroup>
    <Filter Include="Source Files">
      <UniqueIdentifier>{4FC737F1-C7A5-4376-A066-2A32D752A2FF}</UniqueIdentifier>
      <Extensions>cpp;c;cc;cxx;def;odl;idl;hpj;bat;asm;asmx</Extensions>
    </Filter>
    <Filter Include="Header Files">
      <UniqueIdentifier>{93995380-89BD-4b04-88EB-625FBE52EBFB}</UniqueIdentifier>
      <Extensions>h;hpp;hxx;hm;inl;inc;xsd</Extensions>
    </Filter>
    <Filter Include="Resource Files">
      <UniqueIdentifier>{67DA6AB6-F800-4c08-8B7A-83BB121AAD01}</UniqueIdentifier>
      <Extensions>rc;ico;cur;bmp;dlg;rc2;rct;bin;rgs;gif;jpg;jpeg;jpe;resx;tiff;tif;png;wav;mfcribbon-ms</Extensions>
    </Filter>
  </ItemGroup>
  <ItemGroup>
    <Text Include="ReadMe.txt" />
  </ItemGroup>
  <ItemGroup>
    <ClInclude Include="SSAMAPP.h">
      <Filter>Header Files</Filter>
    </ClInclude>
    <ClInclude Include="SSAMAPPDlg.h">
      <Filter>Header Files</Filter>
    </ClInclude>
    <ClInclude Include="stdafx.h">
      <Filter>Header Files</Filter>
    </ClInclude>
    <ClInclude Include="targetver.h">
      <Filter>Header Files</Filter>
    </ClInclude>
    <ClInclude Include="Resource.h">
      <Filter>Header Files</Filter>
    </ClInclude>
    <ClInclude Include="Dlg_Configure.h">
      <Filter>Header Files</Filter>
    </ClInclude>
    <ClInclude Include="Dlg_Tab.h">
      <Filter>Header Files</Filter>
    </ClInclude>
    <ClInclude Include="Dlg_Conflicts.h">
      <Filter>Header Files</Filter>
    </ClInclude>
    <ClInclude Include="Dlg_Summary.h">
      <Filter>Header Files</Filter>
    </ClInclude>
    <ClInclude Include="Dlg_Map.h">
      <Filter>Header Files</Filter>
    </ClInclude>
    <ClInclude Include="Dlg_OSGViewer.h">
      <Filter>Header Files</Filter>
    </ClInclude>
    <ClInclude Include="Dlg_Filter.h">
      <Filter>Header Files</Filter>
    </ClInclude>
    <ClInclude Include="Dlg_TTest.h">
      <Filter>Header Files</Filter>
    </ClInclude>
    <ClInclude Include="Dlg_ConflictProperties.h">
      <Filter>Header Files</Filter>
    </ClInclude>
    <ClInclude Include="Dlg_Diagram.h">
      <Filter>Header Files</Filter>
    </ClInclude>
    <ClInclude Include="Dlg_HTMLTerms.h">
      <Filter>Header Files</Filter>
    </ClInclude>
    <ClInclude Include="SSAMDoc.h">
      <Filter>Header Files</Filter>
    </ClInclude>
    <ClInclude Include="SSAMOSG.h">
      <Filter>Header Files</Filter>
    </ClInclude>
  </ItemGroup>
  <ItemGroup>
    <ClCompile Include="SSAMAPP.cpp">
      <Filter>Source Files</Filter>
    </ClCompile>
    <ClCompile Include="SSAMAPPDlg.cpp">
      <Filter>Source Files</Filter>
    </ClCompile>
    <ClCompile Include="stdafx.cpp">
      <Filter>Source Files</Filter>
    </ClCompile>
    <ClCompile Include="Dlg_Configure.cpp">
      <Filter>Source Files</Filter>
    </ClCompile>
    <ClCompile Include="Dlg_Tab.cpp">
      <Filter>Source Files</Filter>
    </ClCompile>
    <ClCompile Include="Dlg_Conflicts.cpp">
      <Filter>Source Files</Filter>
    </ClCompile>
    <ClCompile Include="Dlg_Summary.cpp">
      <Filter>Source Files</Filter>
    </ClCompile>
    <ClCompile Include="Dlg_Map.cpp">
      <Filter>Source Files</Filter>
    </ClCompile>
    <ClCompile Include="Dlg_OSGViewer.cpp">
      <Filter>Source Files</Filter>
    </ClCompile>
    <ClCompile Include="Dlg_Filter.cpp">
      <Filter>Source Files</Filter>
    </ClCompile>
    <ClCompile Include="Dlg_TTest.cpp">
      <Filter>Source Files</Filter>
    </ClCompile>
    <ClCompile Include="Dlg_ConflictProperties.cpp">
      <Filter>Source Files</Filter>
    </ClCompile>
    <ClCompile Include="Dlg_Diagram.cpp">
      <Filter>Source Files</Filter>
    </ClCompile>
    <ClCompile Include="Dlg_HTMLTerms.cpp">
      <Filter>Source Files</Filter>
    </ClCompile>
    <ClCompile Include="SSAMDoc.cpp">
      <Filter>Source Files</Filter>
    </ClCompile>
    <ClCompile Include="SSAMOSG.cpp">
      <Filter>Source Files</Filter>
    </ClCompile>
  </ItemGroup>
  <ItemGroup>
    <ResourceCompile Include="SSAMAPP.rc">
      <Filter>Resource Files</Filter>
    </ResourceCompile>
  </ItemGroup>
  <ItemGroup>
    <None Include="res\SSAMAPP.rc2">
      <Filter>Resource Files</Filter>
    </None>
    <None Include="Dlg_HTMLTerms.htm" />
  </ItemGroup>
  <ItemGroup>
    <Image Include="res\SSAMAPP.ico">
      <Filter>Resource Files</Filter>
    </Image>
    <Image Include="images\diagram.bmp">
      <Filter>Resource Files</Filter>
    </Image>
  </ItemGroup>
</Project>